
Microsoft Visual Studio Solution File, Format Version 12.00
# Visual Studio Version 17
VisualStudioVersion = 17.1.32421.90
MinimumVisualStudioVersion = 10.0.40219.1
Project("{FAE04EC0-301F-11D3-BF4B-00C04F79EFBC}") = "Clase8", "Clase8\Clase8.csproj", "{037A08F1-3B96-45BC-96E4-C92AF54E5D37}"
EndProject
Global
	GlobalSection(SolutionConfigurationPlatforms) = preSolution
		Debug|Any CPU = Debug|Any CPU
		Release|Any CPU = Release|Any CPU
	EndGlobalSection
	GlobalSection(ProjectConfigurationPlatforms) = postSolution
		{037A08F1-3B96-45BC-96E4-C92AF54E5D37}.Debug|Any CPU.ActiveCfg = Debug|Any CPU
		{037A08F1-3B96-45BC-96E4-C92AF54E5D37}.Debug|Any CPU.Build.0 = Debug|Any CPU
		{037A08F1-3B96-45BC-96E4-C92AF54E5D37}.Release|Any CPU.ActiveCfg = Release|Any CPU
		{037A08F1-3B96-45BC-96E4-C92AF54E5D37}.Release|Any CPU.Build.0 = Release|Any CPU
	EndGlobalSection
	GlobalSection(SolutionProperties) = preSolution
		HideSolutionNode = FALSE
	EndGlobalSection
	GlobalSection(ExtensibilityGlobals) = postSolution
		SolutionGuid = {C3EC54A0-F97E-40CC-959C-F0E9E2C18219}
	EndGlobalSection
EndGlobal
